
Microsoft Visual Studio Solution File, Format Version 12.00
# Visual Studio Version 17
VisualStudioVersion = 17.1.31911.260
MinimumVisualStudioVersion = 10.0.40219.1
Project("{9A19103F-16F7-4668-BE54-9A1E7A4F7556}") = "OData80SampleService", "OData80SampleService.csproj", "{8B0DC759-CD16-486D-A22C-E62617A13E96}"
EndProject
Global
	GlobalSection(SolutionConfigurationPlatforms) = preSolution
		Debug|Any CPU = Debug|Any CPU
		Release|Any CPU = Release|Any CPU
	EndGlobalSection
	GlobalSection(ProjectConfigurationPlatforms) = postSolution
		{8B0DC759-CD16-486D-A22C-E62617A13E96}.Debug|Any CPU.ActiveCfg = Debug|Any CPU
		{8B0DC759-CD16-486D-A22C-E62617A13E96}.Debug|Any CPU.Build.0 = Debug|Any CPU
		{8B0DC759-CD16-486D-A22C-E62617A13E96}.Release|Any CPU.ActiveCfg = Release|Any CPU
		{8B0DC759-CD16-486D-A22C-E62617A13E96}.Release|Any CPU.Build.0 = Release|Any CPU
	EndGlobalSection
	GlobalSection(SolutionProperties) = preSolution
		HideSolutionNode = FALSE
	EndGlobalSection
	GlobalSection(ExtensibilityGlobals) = postSolution
		SolutionGuid = {594B3EBE-3BB1-42CB-8ACE-ECE418864367}
	EndGlobalSection
EndGlobal
