
Microsoft Visual Studio Solution File, Format Version 12.00
# Visual Studio Version 17
VisualStudioVersion = 17.0.31919.166
MinimumVisualStudioVersion = 10.0.40219.1
Project("{2150E333-8FDC-42A3-9474-1A3956D46DE8}") = "DI Samples", "DI Samples", "{55821757-8E05-4906-ABC6-4F23F321B027}"
EndProject
Project("{2150E333-8FDC-42A3-9474-1A3956D46DE8}") = "BadSample", "BadSample", "{3EC99980-69D3-476C-8342-B10637F6D86B}"
EndProject
Project("{9A19103F-16F7-4668-BE54-9A1E7A4F7556}") = "BadCar", "BadCar\BadCar.csproj", "{DFD181E0-BC0C-4722-BFBE-086DFB0CD1EF}"
EndProject
Project("{9A19103F-16F7-4668-BE54-9A1E7A4F7556}") = "BadCarService", "BadCarService\BadCarService.csproj", "{1265C9FB-AB9E-4CF2-A6AB-B3A7E840EF5A}"
EndProject
Project("{9A19103F-16F7-4668-BE54-9A1E7A4F7556}") = "BadCarApp", "BadCarApp\BadCarApp.csproj", "{FDB759B8-501A-4479-A829-47A8C321E43B}"
EndProject
Project("{2150E333-8FDC-42A3-9474-1A3956D46DE8}") = "GoodSample", "GoodSample", "{74AB0CF4-A640-40F5-83C6-F2BF42F831DA}"
EndProject
Project("{9A19103F-16F7-4668-BE54-9A1E7A4F7556}") = "GoodCar.Interfaces", "GoodCar.Interfaces\GoodCar.Interfaces.csproj", "{7D734F90-63CD-43E2-A391-5737EB01C1BD}"
EndProject
Project("{9A19103F-16F7-4668-BE54-9A1E7A4F7556}") = "GoodCar", "GoodCar\GoodCar.csproj", "{DAD86C6F-BC25-4E28-9B5A-FD6E32DEB1A0}"
EndProject
Project("{9A19103F-16F7-4668-BE54-9A1E7A4F7556}") = "GoodCar.Service", "GoodCar.Service\GoodCar.Service.csproj", "{1076C918-BFC9-4C7E-A8DA-DBE389D0E709}"
EndProject
Project("{9A19103F-16F7-4668-BE54-9A1E7A4F7556}") = "GoodCarApp", "GoodCarApp\GoodCarApp.csproj", "{666F2565-615B-47B9-8F5B-0A4079250196}"
EndProject
Project("{9A19103F-16F7-4668-BE54-9A1E7A4F7556}") = "DIScopeVsTransientVsSingletonSample", "..\DIScopeVsTransientVsSingletonSample\DIScopeVsTransientVsSingletonSample.csproj", "{5F3B8B55-F760-43F2-A797-A6A0B64B77D9}"
EndProject
Project("{2150E333-8FDC-42A3-9474-1A3956D46DE8}") = "DI_with_WebAPI", "DI_with_WebAPI", "{48CA04BC-6195-498D-AA4B-5DC996F1C24B}"
EndProject
Project("{9A19103F-16F7-4668-BE54-9A1E7A4F7556}") = "DI_with_WebAPI", "DI_with_WebAPI\DI_with_WebAPI.csproj", "{A12FD0C0-B827-4824-9607-8CDD6063055C}"
EndProject
Project("{2150E333-8FDC-42A3-9474-1A3956D46DE8}") = "ControllerSamples", "ControllerSamples", "{84B88987-0E5A-4441-B729-6677ADCC9532}"
EndProject
Project("{2150E333-8FDC-42A3-9474-1A3956D46DE8}") = "Default_WebAPI_Project", "Default_WebAPI_Project", "{35313BCF-85F6-48CF-9ECC-70B1B927625F}"
EndProject
Project("{9A19103F-16F7-4668-BE54-9A1E7A4F7556}") = "Default_WebAPI", "Default_WebAPI\Default_WebAPI.csproj", "{9A282375-AF24-427B-ADAD-D43AD6C788F3}"
EndProject
Project("{9A19103F-16F7-4668-BE54-9A1E7A4F7556}") = "Default_WebAPI_Project_NET5", "Default_WebAPI_Project_NET5\Default_WebAPI_Project_NET5.csproj", "{06169EA9-EC9C-4502-BEE1-D6244499A461}"
EndProject
Project("{9A19103F-16F7-4668-BE54-9A1E7A4F7556}") = "ControllerSample", "ControllerSample\ControllerSample.csproj", "{A9AC4CE2-35DF-4DFD-A9B4-CFFFA6301B99}"
EndProject
Project("{2150E333-8FDC-42A3-9474-1A3956D46DE8}") = "Solution Items", "Solution Items", "{D20795DE-D23E-41F8-BF75-C5906885B792}"
	ProjectSection(SolutionItems) = preProject
		..\Agenda.md = ..\Agenda.md
	EndProjectSection
EndProject
Project("{2150E333-8FDC-42A3-9474-1A3956D46DE8}") = "HttpClientSamples", "HttpClientSamples", "{9AD0EE11-AD19-441D-9BD8-E31E45EC35EC}"
EndProject
Project("{FAE04EC0-301F-11D3-BF4B-00C04F79EFBC}") = "HttpClientSamples", "HttpClientSamples\HttpClientSamples.csproj", "{667965CC-1704-41B8-86CE-7110C58F1957}"
EndProject
Project("{FAE04EC0-301F-11D3-BF4B-00C04F79EFBC}") = "ControllerSample.Entities", "ControllerSample.Entities\ControllerSample.Entities.csproj", "{C1769C20-DCCF-4CEC-BA6F-C2D0983D4681}"
EndProject
Global
	GlobalSection(SolutionConfigurationPlatforms) = preSolution
		Debug|Any CPU = Debug|Any CPU
		Release|Any CPU = Release|Any CPU
	EndGlobalSection
	GlobalSection(ProjectConfigurationPlatforms) = postSolution
		{DFD181E0-BC0C-4722-BFBE-086DFB0CD1EF}.Debug|Any CPU.ActiveCfg = Debug|Any CPU
		{DFD181E0-BC0C-4722-BFBE-086DFB0CD1EF}.Debug|Any CPU.Build.0 = Debug|Any CPU
		{DFD181E0-BC0C-4722-BFBE-086DFB0CD1EF}.Release|Any CPU.ActiveCfg = Release|Any CPU
		{DFD181E0-BC0C-4722-BFBE-086DFB0CD1EF}.Release|Any CPU.Build.0 = Release|Any CPU
		{1265C9FB-AB9E-4CF2-A6AB-B3A7E840EF5A}.Debug|Any CPU.ActiveCfg = Debug|Any CPU
		{1265C9FB-AB9E-4CF2-A6AB-B3A7E840EF5A}.Debug|Any CPU.Build.0 = Debug|Any CPU
		{1265C9FB-AB9E-4CF2-A6AB-B3A7E840EF5A}.Release|Any CPU.ActiveCfg = Release|Any CPU
		{1265C9FB-AB9E-4CF2-A6AB-B3A7E840EF5A}.Release|Any CPU.Build.0 = Release|Any CPU
		{FDB759B8-501A-4479-A829-47A8C321E43B}.Debug|Any CPU.ActiveCfg = Debug|Any CPU
		{FDB759B8-501A-4479-A829-47A8C321E43B}.Debug|Any CPU.Build.0 = Debug|Any CPU
		{FDB759B8-501A-4479-A829-47A8C321E43B}.Release|Any CPU.ActiveCfg = Release|Any CPU
		{FDB759B8-501A-4479-A829-47A8C321E43B}.Release|Any CPU.Build.0 = Release|Any CPU
		{7D734F90-63CD-43E2-A391-5737EB01C1BD}.Debug|Any CPU.ActiveCfg = Debug|Any CPU
		{7D734F90-63CD-43E2-A391-5737EB01C1BD}.Debug|Any CPU.Build.0 = Debug|Any CPU
		{7D734F90-63CD-43E2-A391-5737EB01C1BD}.Release|Any CPU.ActiveCfg = Release|Any CPU
		{7D734F90-63CD-43E2-A391-5737EB01C1BD}.Release|Any CPU.Build.0 = Release|Any CPU
		{DAD86C6F-BC25-4E28-9B5A-FD6E32DEB1A0}.Debug|Any CPU.ActiveCfg = Debug|Any CPU
		{DAD86C6F-BC25-4E28-9B5A-FD6E32DEB1A0}.Debug|Any CPU.Build.0 = Debug|Any CPU
		{DAD86C6F-BC25-4E28-9B5A-FD6E32DEB1A0}.Release|Any CPU.ActiveCfg = Release|Any CPU
		{DAD86C6F-BC25-4E28-9B5A-FD6E32DEB1A0}.Release|Any CPU.Build.0 = Release|Any CPU
		{1076C918-BFC9-4C7E-A8DA-DBE389D0E709}.Debug|Any CPU.ActiveCfg = Debug|Any CPU
		{1076C918-BFC9-4C7E-A8DA-DBE389D0E709}.Debug|Any CPU.Build.0 = Debug|Any CPU
		{1076C918-BFC9-4C7E-A8DA-DBE389D0E709}.Release|Any CPU.ActiveCfg = Release|Any CPU
		{1076C918-BFC9-4C7E-A8DA-DBE389D0E709}.Release|Any CPU.Build.0 = Release|Any CPU
		{666F2565-615B-47B9-8F5B-0A4079250196}.Debug|Any CPU.ActiveCfg = Debug|Any CPU
		{666F2565-615B-47B9-8F5B-0A4079250196}.Debug|Any CPU.Build.0 = Debug|Any CPU
		{666F2565-615B-47B9-8F5B-0A4079250196}.Release|Any CPU.ActiveCfg = Release|Any CPU
		{666F2565-615B-47B9-8F5B-0A4079250196}.Release|Any CPU.Build.0 = Release|Any CPU
		{5F3B8B55-F760-43F2-A797-A6A0B64B77D9}.Debug|Any CPU.ActiveCfg = Debug|Any CPU
		{5F3B8B55-F760-43F2-A797-A6A0B64B77D9}.Debug|Any CPU.Build.0 = Debug|Any CPU
		{5F3B8B55-F760-43F2-A797-A6A0B64B77D9}.Release|Any CPU.ActiveCfg = Release|Any CPU
		{5F3B8B55-F760-43F2-A797-A6A0B64B77D9}.Release|Any CPU.Build.0 = Release|Any CPU
		{A12FD0C0-B827-4824-9607-8CDD6063055C}.Debug|Any CPU.ActiveCfg = Debug|Any CPU
		{A12FD0C0-B827-4824-9607-8CDD6063055C}.Debug|Any CPU.Build.0 = Debug|Any CPU
		{A12FD0C0-B827-4824-9607-8CDD6063055C}.Release|Any CPU.ActiveCfg = Release|Any CPU
		{A12FD0C0-B827-4824-9607-8CDD6063055C}.Release|Any CPU.Build.0 = Release|Any CPU
		{9A282375-AF24-427B-ADAD-D43AD6C788F3}.Debug|Any CPU.ActiveCfg = Debug|Any CPU
		{9A282375-AF24-427B-ADAD-D43AD6C788F3}.Debug|Any CPU.Build.0 = Debug|Any CPU
		{9A282375-AF24-427B-ADAD-D43AD6C788F3}.Release|Any CPU.ActiveCfg = Release|Any CPU
		{9A282375-AF24-427B-ADAD-D43AD6C788F3}.Release|Any CPU.Build.0 = Release|Any CPU
		{06169EA9-EC9C-4502-BEE1-D6244499A461}.Debug|Any CPU.ActiveCfg = Debug|Any CPU
		{06169EA9-EC9C-4502-BEE1-D6244499A461}.Debug|Any CPU.Build.0 = Debug|Any CPU
		{06169EA9-EC9C-4502-BEE1-D6244499A461}.Release|Any CPU.ActiveCfg = Release|Any CPU
		{06169EA9-EC9C-4502-BEE1-D6244499A461}.Release|Any CPU.Build.0 = Release|Any CPU
		{A9AC4CE2-35DF-4DFD-A9B4-CFFFA6301B99}.Debug|Any CPU.ActiveCfg = Debug|Any CPU
		{A9AC4CE2-35DF-4DFD-A9B4-CFFFA6301B99}.Debug|Any CPU.Build.0 = Debug|Any CPU
		{A9AC4CE2-35DF-4DFD-A9B4-CFFFA6301B99}.Release|Any CPU.ActiveCfg = Release|Any CPU
		{A9AC4CE2-35DF-4DFD-A9B4-CFFFA6301B99}.Release|Any CPU.Build.0 = Release|Any CPU
		{667965CC-1704-41B8-86CE-7110C58F1957}.Debug|Any CPU.ActiveCfg = Debug|Any CPU
		{667965CC-1704-41B8-86CE-7110C58F1957}.Debug|Any CPU.Build.0 = Debug|Any CPU
		{667965CC-1704-41B8-86CE-7110C58F1957}.Release|Any CPU.ActiveCfg = Release|Any CPU
		{667965CC-1704-41B8-86CE-7110C58F1957}.Release|Any CPU.Build.0 = Release|Any CPU
		{C1769C20-DCCF-4CEC-BA6F-C2D0983D4681}.Debug|Any CPU.ActiveCfg = Debug|Any CPU
		{C1769C20-DCCF-4CEC-BA6F-C2D0983D4681}.Debug|Any CPU.Build.0 = Debug|Any CPU
		{C1769C20-DCCF-4CEC-BA6F-C2D0983D4681}.Release|Any CPU.ActiveCfg = Release|Any CPU
		{C1769C20-DCCF-4CEC-BA6F-C2D0983D4681}.Release|Any CPU.Build.0 = Release|Any CPU
	EndGlobalSection
	GlobalSection(SolutionProperties) = preSolution
		HideSolutionNode = FALSE
	EndGlobalSection
	GlobalSection(NestedProjects) = preSolution
		{3EC99980-69D3-476C-8342-B10637F6D86B} = {55821757-8E05-4906-ABC6-4F23F321B027}
		{DFD181E0-BC0C-4722-BFBE-086DFB0CD1EF} = {3EC99980-69D3-476C-8342-B10637F6D86B}
		{1265C9FB-AB9E-4CF2-A6AB-B3A7E840EF5A} = {3EC99980-69D3-476C-8342-B10637F6D86B}
		{FDB759B8-501A-4479-A829-47A8C321E43B} = {3EC99980-69D3-476C-8342-B10637F6D86B}
		{74AB0CF4-A640-40F5-83C6-F2BF42F831DA} = {55821757-8E05-4906-ABC6-4F23F321B027}
		{7D734F90-63CD-43E2-A391-5737EB01C1BD} = {74AB0CF4-A640-40F5-83C6-F2BF42F831DA}
		{DAD86C6F-BC25-4E28-9B5A-FD6E32DEB1A0} = {74AB0CF4-A640-40F5-83C6-F2BF42F831DA}
		{1076C918-BFC9-4C7E-A8DA-DBE389D0E709} = {74AB0CF4-A640-40F5-83C6-F2BF42F831DA}
		{666F2565-615B-47B9-8F5B-0A4079250196} = {74AB0CF4-A640-40F5-83C6-F2BF42F831DA}
		{A12FD0C0-B827-4824-9607-8CDD6063055C} = {48CA04BC-6195-498D-AA4B-5DC996F1C24B}
		{9A282375-AF24-427B-ADAD-D43AD6C788F3} = {35313BCF-85F6-48CF-9ECC-70B1B927625F}
		{06169EA9-EC9C-4502-BEE1-D6244499A461} = {35313BCF-85F6-48CF-9ECC-70B1B927625F}
		{A9AC4CE2-35DF-4DFD-A9B4-CFFFA6301B99} = {84B88987-0E5A-4441-B729-6677ADCC9532}
		{667965CC-1704-41B8-86CE-7110C58F1957} = {9AD0EE11-AD19-441D-9BD8-E31E45EC35EC}
		{C1769C20-DCCF-4CEC-BA6F-C2D0983D4681} = {84B88987-0E5A-4441-B729-6677ADCC9532}
	EndGlobalSection
	GlobalSection(ExtensibilityGlobals) = postSolution
		SolutionGuid = {1DB7C2D1-9110-47B5-BC6E-B4512E535838}
	EndGlobalSection
EndGlobal
